// !$*UTF8*$!
{
	archiveVersion = 1;
	classes = {
	};
	objectVersion = 50;
	objects = {

/* Begin PBXBuildFile section */
		0855E6F22509BFCF00C848B3 /* AppDelegate.swift in Sources */ = {isa = PBXBuildFile; fileRef = 0855E6F12509BFCF00C848B3 /* AppDelegate.swift */; };
		0855E6F42509BFCF00C848B3 /* SceneDelegate.swift in Sources */ = {isa = PBXBuildFile; fileRef = 0855E6F32509BFCF00C848B3 /* SceneDelegate.swift */; };
		0855E6F62509BFCF00C848B3 /* ViewController.swift in Sources */ = {isa = PBXBuildFile; fileRef = 0855E6F52509BFCF00C848B3 /* ViewController.swift */; };
		0855E6F92509BFCF00C848B3 /* Main.storyboard in Resources */ = {isa = PBXBuildFile; fileRef = 0855E6F72509BFCF00C848B3 /* Main.storyboard */; };
		0855E6FB2509BFD100C848B3 /* Assets.xcassets in Resources */ = {isa = PBXBuildFile; fileRef = 0855E6FA2509BFD100C848B3 /* Assets.xcassets */; };
		0855E6FE2509BFD100C848B3 /* LaunchScreen.storyboard in Resources */ = {isa = PBXBuildFile; fileRef = 0855E6FC2509BFD100C848B3 /* LaunchScreen.storyboard */; };
		0855E7092509BFD100C848B3 /* NoteAppTests.swift in Sources */ = {isa = PBXBuildFile; fileRef = 0855E7082509BFD100C848B3 /* NoteAppTests.swift */; };
		0855E7142509BFD200C848B3 /* NoteAppUITests.swift in Sources */ = {isa = PBXBuildFile; fileRef = 0855E7132509BFD200C848B3 /* NoteAppUITests.swift */; };
		4B27E6832330CE70F572AA2A /* Pods_NoteApp.framework in Frameworks */ = {isa = PBXBuildFile; fileRef = 21EA92C9C9BEDE321A779FFC /* Pods_NoteApp.framework */; };
		4B65134B71DB8DF30037BE4A /* Pods_NoteAppTests.framework in Frameworks */ = {isa = PBXBuildFile; fileRef = 21A6DC02D010F5F29AE0AB39 /* Pods_NoteAppTests.framework */; };
		E53CB57D58A5C0E7883BE267 /* Pods_NoteAppUITests.framework in Frameworks */ = {isa = PBXBuildFile; fileRef = 821B5FF457AC964377EA4D73 /* Pods_NoteAppUITests.framework */; };
/* End PBXBuildFile section */

/* Begin PBXContainerItemProxy section */
		0855E7052509BFD100C848B3 /* PBXContainerItemProxy */ = {
			isa = PBXContainerItemProxy;
			containerPortal = 0855E6E62509BFCF00C848B3 /* Project object */;
			proxyType = 1;
			remoteGlobalIDString = 0855E6ED2509BFCF00C848B3;
			remoteInfo = NoteApp;
		};
		0855E7102509BFD200C848B3 /* PBXContainerItemProxy */ = {
			isa = PBXContainerItemProxy;
			containerPortal = 0855E6E62509BFCF00C848B3 /* Project object */;
			proxyType = 1;
			remoteGlobalIDString = 0855E6ED2509BFCF00C848B3;
			remoteInfo = NoteApp;
		};
/* End PBXContainerItemProxy section */

/* Begin PBXFileReference section */
		000984AE338D4BA27A0B1148 /* Pods-NoteApp.debug.xcconfig */ = {isa = PBXFileReference; includeInIndex = 1; lastKnownFileType = text.xcconfig; name = "Pods-NoteApp.debug.xcconfig"; path = "Pods/Target Support Files/Pods-NoteApp/Pods-NoteApp.debug.xcconfig"; sourceTree = "<group>"; };
		0855E6EE2509BFCF00C848B3 /* NoteApp.app */ = {isa = PBXFileReference; explicitFileType = wrapper.application; includeInIndex = 0; path = NoteApp.app; sourceTree = BUILT_PRODUCTS_DIR; };
		0855E6F12509BFCF00C848B3 /* AppDelegate.swift */ = {isa = PBXFileReference; lastKnownFileType = sourcecode.swift; path = AppDelegate.swift; sourceTree = "<group>"; };
		0855E6F32509BFCF00C848B3 /* SceneDelegate.swift */ = {isa = PBXFileReference; lastKnownFileType = sourcecode.swift; path = SceneDelegate.swift; sourceTree = "<group>"; };
		0855E6F52509BFCF00C848B3 /* ViewController.swift */ = {isa = PBXFileReference; lastKnownFileType = sourcecode.swift; path = ViewController.swift; sourceTree = "<group>"; };
		0855E6F82509BFCF00C848B3 /* Base */ = {isa = PBXFileReference; lastKnownFileType = file.storyboard; name = Base; path = Base.lproj/Main.storyboard; sourceTree = "<group>"; };
		0855E6FA2509BFD100C848B3 /* Assets.xcassets */ = {isa = PBXFileReference; lastKnownFileType = folder.assetcatalog; path = Assets.xcassets; sourceTree = "<group>"; };
		0855E6FD2509BFD100C848B3 /* Base */ = {isa = PBXFileReference; lastKnownFileType = file.storyboard; name = Base; path = Base.lproj/LaunchScreen.storyboard; sourceTree = "<group>"; };
		0855E6FF2509BFD100C848B3 /* Info.plist */ = {isa = PBXFileReference; lastKnownFileType = text.plist.xml; path = Info.plist; sourceTree = "<group>"; };
		0855E7042509BFD100C848B3 /* NoteAppTests.xctest */ = {isa = PBXFileReference; explicitFileType = wrapper.cfbundle; includeInIndex = 0; path = NoteAppTests.xctest; sourceTree = BUILT_PRODUCTS_DIR; };
		0855E7082509BFD100C848B3 /* NoteAppTests.swift */ = {isa = PBXFileReference; lastKnownFileType = sourcecode.swift; path = NoteAppTests.swift; sourceTree = "<group>"; };
		0855E70A2509BFD100C848B3 /* Info.plist */ = {isa = PBXFileReference; lastKnownFileType = text.plist.xml; path = Info.plist; sourceTree = "<group>"; };
		0855E70F2509BFD200C848B3 /* NoteAppUITests.xctest */ = {isa = PBXFileReference; explicitFileType = wrapper.cfbundle; includeInIndex = 0; path = NoteAppUITests.xctest; sourceTree = BUILT_PRODUCTS_DIR; };
		0855E7132509BFD200C848B3 /* NoteAppUITests.swift */ = {isa = PBXFileReference; lastKnownFileType = sourcecode.swift; path = NoteAppUITests.swift; sourceTree = "<group>"; };
		0855E7152509BFD200C848B3 /* Info.plist */ = {isa = PBXFileReference; lastKnownFileType = text.plist.xml; path = Info.plist; sourceTree = "<group>"; };
		16DCD6B2BC991D17C822E9DD /* Pods-NoteAppUITests.release.xcconfig */ = {isa = PBXFileReference; includeInIndex = 1; lastKnownFileType = text.xcconfig; name = "Pods-NoteAppUITests.release.xcconfig"; path = "Pods/Target Support Files/Pods-NoteAppUITests/Pods-NoteAppUITests.release.xcconfig"; sourceTree = "<group>"; };
		21A6DC02D010F5F29AE0AB39 /* Pods_NoteAppTests.framework */ = {isa = PBXFileReference; explicitFileType = wrapper.framework; includeInIndex = 0; path = Pods_NoteAppTests.framework; sourceTree = BUILT_PRODUCTS_DIR; };
		21EA92C9C9BEDE321A779FFC /* Pods_NoteApp.framework */ = {isa = PBXFileReference; explicitFileType = wrapper.framework; includeInIndex = 0; path = Pods_NoteApp.framework; sourceTree = BUILT_PRODUCTS_DIR; };
		41A98D210C9EE1568D5A9513 /* Pods-NoteAppTests.release.xcconfig */ = {isa = PBXFileReference; includeInIndex = 1; lastKnownFileType = text.xcconfig; name = "Pods-NoteAppTests.release.xcconfig"; path = "Pods/Target Support Files/Pods-NoteAppTests/Pods-NoteAppTests.release.xcconfig"; sourceTree = "<group>"; };
		5376E2482FC8128E0562E8FE /* Pods-NoteAppTests.debug.xcconfig */ = {isa = PBXFileReference; includeInIndex = 1; lastKnownFileType = text.xcconfig; name = "Pods-NoteAppTests.debug.xcconfig"; path = "Pods/Target Support Files/Pods-NoteAppTests/Pods-NoteAppTests.debug.xcconfig"; sourceTree = "<group>"; };
		821B5FF457AC964377EA4D73 /* Pods_NoteAppUITests.framework */ = {isa = PBXFileReference; explicitFileType = wrapper.framework; includeInIndex = 0; path = Pods_NoteAppUITests.framework; sourceTree = BUILT_PRODUCTS_DIR; };
		8C735DA875F774732EB939B5 /* Pods-NoteAppUITests.debug.xcconfig */ = {isa = PBXFileReference; includeInIndex = 1; lastKnownFileType = text.xcconfig; name = "Pods-NoteAppUITests.debug.xcconfig"; path = "Pods/Target Support Files/Pods-NoteAppUITests/Pods-NoteAppUITests.debug.xcconfig"; sourceTree = "<group>"; };
		9B180FBD4442580D599D2494 /* Pods-NoteApp.release.xcconfig */ = {isa = PBXFileReference; includeInIndex = 1; lastKnownFileType = text.xcconfig; name = "Pods-NoteApp.release.xcconfig"; path = "Pods/Target Support Files/Pods-NoteApp/Pods-NoteApp.release.xcconfig"; sourceTree = "<group>"; };
/* End PBXFileReference section */

/* Begin PBXFrameworksBuildPhase section */
		0855E6EB2509BFCF00C848B3 /* Frameworks */ = {
			isa = PBXFrameworksBuildPhase;
			buildActionMask = 2147483647;
			files = (
				4B27E6832330CE70F572AA2A /* Pods_NoteApp.framework in Frameworks */,
			);
			runOnlyForDeploymentPostprocessing = 0;
		};
		0855E7012509BFD100C848B3 /* Frameworks */ = {
			isa = PBXFrameworksBuildPhase;
			buildActionMask = 2147483647;
			files = (
				4B65134B71DB8DF30037BE4A /* Pods_NoteAppTests.framework in Frameworks */,
			);
			runOnlyForDeploymentPostprocessing = 0;
		};
		0855E70C2509BFD200C848B3 /* Frameworks */ = {
			isa = PBXFrameworksBuildPhase;
			buildActionMask = 2147483647;
			files = (
				E53CB57D58A5C0E7883BE267 /* Pods_NoteAppUITests.framework in Frameworks */,
			);
			runOnlyForDeploymentPostprocessing = 0;
		};
/* End PBXFrameworksBuildPhase section */

/* Begin PBXGroup section */
		0855E6E52509BFCF00C848B3 = {
			isa = PBXGroup;
			children = (
				0855E6F02509BFCF00C848B3 /* NoteApp */,
				0855E7072509BFD100C848B3 /* NoteAppTests */,
				0855E7122509BFD200C848B3 /* NoteAppUITests */,
				0855E6EF2509BFCF00C848B3 /* Products */,
				651C3405ABEF24E810787D4E /* Pods */,
				26CEAAF0F2CE8F4A392E7C68 /* Frameworks */,
			);
			sourceTree = "<group>";
		};
		0855E6EF2509BFCF00C848B3 /* Products */ = {
			isa = PBXGroup;
			children = (
				0855E6EE2509BFCF00C848B3 /* NoteApp.app */,
				0855E7042509BFD100C848B3 /* NoteAppTests.xctest */,
				0855E70F2509BFD200C848B3 /* NoteAppUITests.xctest */,
			);
			name = Products;
			sourceTree = "<group>";
		};
		0855E6F02509BFCF00C848B3 /* NoteApp */ = {
			isa = PBXGroup;
			children = (
				0855E6F12509BFCF00C848B3 /* AppDelegate.swift */,
				0855E6F32509BFCF00C848B3 /* SceneDelegate.swift */,
				0855E6F52509BFCF00C848B3 /* ViewController.swift */,
				0855E6F72509BFCF00C848B3 /* Main.storyboard */,
				0855E6FA2509BFD100C848B3 /* Assets.xcassets */,
				0855E6FC2509BFD100C848B3 /* LaunchScreen.storyboard */,
				0855E6FF2509BFD100C848B3 /* Info.plist */,
			);
			path = NoteApp;
			sourceTree = "<group>";
		};
		0855E7072509BFD100C848B3 /* NoteAppTests */ = {
			isa = PBXGroup;
			children = (
				0855E7082509BFD100C848B3 /* NoteAppTests.swift */,
				0855E70A2509BFD100C848B3 /* Info.plist */,
			);
			path = NoteAppTests;
			sourceTree = "<group>";
		};
		0855E7122509BFD200C848B3 /* NoteAppUITests */ = {
			isa = PBXGroup;
			children = (
				0855E7132509BFD200C848B3 /* NoteAppUITests.swift */,
				0855E7152509BFD200C848B3 /* Info.plist */,
			);
			path = NoteAppUITests;
			sourceTree = "<group>";
		};
		26CEAAF0F2CE8F4A392E7C68 /* Frameworks */ = {
			isa = PBXGroup;
			children = (
				21EA92C9C9BEDE321A779FFC /* Pods_NoteApp.framework */,
				21A6DC02D010F5F29AE0AB39 /* Pods_NoteAppTests.framework */,
				821B5FF457AC964377EA4D73 /* Pods_NoteAppUITests.framework */,
			);
			name = Frameworks;
			sourceTree = "<group>";
		};
		651C3405ABEF24E810787D4E /* Pods */ = {
			isa = PBXGroup;
			children = (
				000984AE338D4BA27A0B1148 /* Pods-NoteApp.debug.xcconfig */,
				9B180FBD4442580D599D2494 /* Pods-NoteApp.release.xcconfig */,
				5376E2482FC8128E0562E8FE /* Pods-NoteAppTests.debug.xcconfig */,
				41A98D210C9EE1568D5A9513 /* Pods-NoteAppTests.release.xcconfig */,
				8C735DA875F774732EB939B5 /* Pods-NoteAppUITests.debug.xcconfig */,
				16DCD6B2BC991D17C822E9DD /* Pods-NoteAppUITests.release.xcconfig */,
			);
			name = Pods;
			sourceTree = "<group>";
		};
/* End PBXGroup section */

/* Begin PBXNativeTarget section */
		0855E6ED2509BFCF00C848B3 /* NoteApp */ = {
			isa = PBXNativeTarget;
			buildConfigurationList = 0855E7182509BFD200C848B3 /* Build configuration list for PBXNativeTarget "NoteApp" */;
			buildPhases = (
				24876B3F85017B07F4EB53F3 /* [CP] Check Pods Manifest.lock */,
				0855E6EA2509BFCF00C848B3 /* Sources */,
				0855E6EB2509BFCF00C848B3 /* Frameworks */,
				0855E6EC2509BFCF00C848B3 /* Resources */,
				8FAB54000CE47D374C07774A /* [CP] Embed Pods Frameworks */,
				E12099ACE91D79F85846B33F /* [CP] Copy Pods Resources */,
			);
			buildRules = (
			);
			dependencies = (
			);
			name = NoteApp;
			productName = NoteApp;
			productReference = 0855E6EE2509BFCF00C848B3 /* NoteApp.app */;
			productType = "com.apple.product-type.application";
		};
		0855E7032509BFD100C848B3 /* NoteAppTests */ = {
			isa = PBXNativeTarget;
			buildConfigurationList = 0855E71B2509BFD200C848B3 /* Build configuration list for PBXNativeTarget "NoteAppTests" */;
			buildPhases = (
				69CC83F7F7B5B7A3DEEF53FC /* [CP] Check Pods Manifest.lock */,
				0855E7002509BFD100C848B3 /* Sources */,
				0855E7012509BFD100C848B3 /* Frameworks */,
				0855E7022509BFD100C848B3 /* Resources */,
				0DA87C6AC73A454BAAC079F1 /* [CP] Embed Pods Frameworks */,
				3599DDD5488D6EA2C0B71473 /* [CP] Copy Pods Resources */,
			);
			buildRules = (
			);
			dependencies = (
				0855E7062509BFD100C848B3 /* PBXTargetDependency */,
			);
			name = NoteAppTests;
			productName = NoteAppTests;
			productReference = 0855E7042509BFD100C848B3 /* NoteAppTests.xctest */;
			productType = "com.apple.product-type.bundle.unit-test";
		};
		0855E70E2509BFD200C848B3 /* NoteAppUITests */ = {
			isa = PBXNativeTarget;
			buildConfigurationList = 0855E71E2509BFD200C848B3 /* Build configuration list for PBXNativeTarget "NoteAppUITests" */;
			buildPhases = (
				62964EEB23CC8E4424C099E7 /* [CP] Check Pods Manifest.lock */,
				0855E70B2509BFD200C848B3 /* Sources */,
				0855E70C2509BFD200C848B3 /* Frameworks */,
				0855E70D2509BFD200C848B3 /* Resources */,
				B1BEEB767B49B3118A3E6427 /* [CP] Embed Pods Frameworks */,
				F5462F6D0E8C85C999AC0136 /* [CP] Copy Pods Resources */,
			);
			buildRules = (
			);
			dependencies = (
				0855E7112509BFD200C848B3 /* PBXTargetDependency */,
			);
			name = NoteAppUITests;
			productName = NoteAppUITests;
			productReference = 0855E70F2509BFD200C848B3 /* NoteAppUITests.xctest */;
			productType = "com.apple.product-type.bundle.ui-testing";
		};
/* End PBXNativeTarget section */

/* Begin PBXProject section */
		0855E6E62509BFCF00C848B3 /* Project object */ = {
			isa = PBXProject;
			attributes = {
				LastSwiftUpdateCheck = 1130;
				LastUpgradeCheck = 1130;
				ORGANIZATIONNAME = AnhLD;
				TargetAttributes = {
					0855E6ED2509BFCF00C848B3 = {
						CreatedOnToolsVersion = 11.3.1;
					};
					0855E7032509BFD100C848B3 = {
						CreatedOnToolsVersion = 11.3.1;
						TestTargetID = 0855E6ED2509BFCF00C848B3;
					};
					0855E70E2509BFD200C848B3 = {
						CreatedOnToolsVersion = 11.3.1;
						TestTargetID = 0855E6ED2509BFCF00C848B3;
					};
				};
			};
			buildConfigurationList = 0855E6E92509BFCF00C848B3 /* Build configuration list for PBXProject "NoteApp" */;
			compatibilityVersion = "Xcode 9.3";
			developmentRegion = en;
			hasScannedForEncodings = 0;
			knownRegions = (
				en,
				Base,
			);
			mainGroup = 0855E6E52509BFCF00C848B3;
			productRefGroup = 0855E6EF2509BFCF00C848B3 /* Products */;
			projectDirPath = "";
			projectRoot = "";
			targets = (
				0855E6ED2509BFCF00C848B3 /* NoteApp */,
				0855E7032509BFD100C848B3 /* NoteAppTests */,
				0855E70E2509BFD200C848B3 /* NoteAppUITests */,
			);
		};
/* End PBXProject section */

/* Begin PBXResourcesBuildPhase section */
		0855E6EC2509BFCF00C848B3 /* Resources */ = {
			isa = PBXResourcesBuildPhase;
			buildActionMask = 2147483647;
			files = (
				0855E6FE2509BFD100C848B3 /* LaunchScreen.storyboard in Resources */,
				0855E6FB2509BFD100C848B3 /* Assets.xcassets in Resources */,
				0855E6F92509BFCF00C848B3 /* Main.storyboard in Resources */,
			);
			runOnlyForDeploymentPostprocessing = 0;
		};
		0855E7022509BFD100C848B3 /* Resources */ = {
			isa = PBXResourcesBuildPhase;
			buildActionMask = 2147483647;
			files = (
			);
			runOnlyForDeploymentPostprocessing = 0;
		};
		0855E70D2509BFD200C848B3 /* Resources */ = {
			isa = PBXResourcesBuildPhase;
			buildActionMask = 2147483647;
			files = (
			);
			runOnlyForDeploymentPostprocessing = 0;
		};
/* End PBXResourcesBuildPhase section */

/* Begin PBXShellScriptBuildPhase section */
		0DA87C6AC73A454BAAC079F1 /* [CP] Embed Pods Frameworks */ = {
			isa = PBXShellScriptBuildPhase;
			buildActionMask = 2147483647;
			files = (
			);
			inputFileListPaths = (
			);
			inputPaths = (
			);
			name = "[CP] Embed Pods Frameworks";
			outputFileListPaths = (
			);
			outputPaths = (
			);
			runOnlyForDeploymentPostprocessing = 0;
			shellPath = /bin/sh;
			shellScript = "\"${SRCROOT}/Pods/Target Support Files/Pods-NoteAppTests/Pods-NoteAppTests-frameworks.sh\"\n";
			showEnvVarsInLog = 0;
		};
		24876B3F85017B07F4EB53F3 /* [CP] Check Pods Manifest.lock */ = {
			isa = PBXShellScriptBuildPhase;
			buildActionMask = 2147483647;
			files = (
			);
			inputFileListPaths = (
			);
			inputPaths = (
				"${PODS_PODFILE_DIR_PATH}/Podfile.lock",
				"${PODS_ROOT}/Manifest.lock",
			);
			name = "[CP] Check Pods Manifest.lock";
			outputFileListPaths = (
			);
			outputPaths = (
				"$(DERIVED_FILE_DIR)/Pods-NoteApp-checkManifestLockResult.txt",
			);
			runOnlyForDeploymentPostprocessing = 0;
			shellPath = /bin/sh;
			shellScript = "diff \"${PODS_PODFILE_DIR_PATH}/Podfile.lock\" \"${PODS_ROOT}/Manifest.lock\" > /dev/null\nif [ $? != 0 ] ; then\n    # print error to STDERR\n    echo \"error: The sandbox is not in sync with the Podfile.lock. Run 'pod install' or update your CocoaPods installation.\" >&2\n    exit 1\nfi\n# This output is used by Xcode 'outputs' to avoid re-running this script phase.\necho \"SUCCESS\" > \"${SCRIPT_OUTPUT_FILE_0}\"\n";
			showEnvVarsInLog = 0;
		};
		3599DDD5488D6EA2C0B71473 /* [CP] Copy Pods Resources */ = {
			isa = PBXShellScriptBuildPhase;
			buildActionMask = 2147483647;
			files = (
			);
			inputFileListPaths = (
			);
			inputPaths = (
			);
			name = "[CP] Copy Pods Resources";
			outputFileListPaths = (
			);
			outputPaths = (
			);
			runOnlyForDeploymentPostprocessing = 0;
			shellPath = /bin/sh;
			shellScript = "\"${SRCROOT}/Pods/Target Support Files/Pods-NoteAppTests/Pods-NoteAppTests-resources.sh\"\n";
			showEnvVarsInLog = 0;
		};
		62964EEB23CC8E4424C099E7 /* [CP] Check Pods Manifest.lock */ = {
			isa = PBXShellScriptBuildPhase;
			buildActionMask = 2147483647;
			files = (
			);
			inputFileListPaths = (
			);
			inputPaths = (
				"${PODS_PODFILE_DIR_PATH}/Podfile.lock",
				"${PODS_ROOT}/Manifest.lock",
			);
			name = "[CP] Check Pods Manifest.lock";
			outputFileListPaths = (
			);
			outputPaths = (
				"$(DERIVED_FILE_DIR)/Pods-NoteAppUITests-checkManifestLockResult.txt",
			);
			runOnlyForDeploymentPostprocessing = 0;
			shellPath = /bin/sh;
			shellScript = "diff \"${PODS_PODFILE_DIR_PATH}/Podfile.lock\" \"${PODS_ROOT}/Manifest.lock\" > /dev/null\nif [ $? != 0 ] ; then\n    # print error to STDERR\n    echo \"error: The sandbox is not in sync with the Podfile.lock. Run 'pod install' or update your CocoaPods installation.\" >&2\n    exit 1\nfi\n# This output is used by Xcode 'outputs' to avoid re-running this script phase.\necho \"SUCCESS\" > \"${SCRIPT_OUTPUT_FILE_0}\"\n";
			showEnvVarsInLog = 0;
		};
		69CC83F7F7B5B7A3DEEF53FC /* [CP] Check Pods Manifest.lock */ = {
			isa = PBXShellScriptBuildPhase;
			buildActionMask = 2147483647;
			files = (
			);
			inputFileListPaths = (
			);
			inputPaths = (
				"${PODS_PODFILE_DIR_PATH}/Podfile.lock",
				"${PODS_ROOT}/Manifest.lock",
			);
			name = "[CP] Check Pods Manifest.lock";
			outputFileListPaths = (
			);
			outputPaths = (
				"$(DERIVED_FILE_DIR)/Pods-NoteAppTests-checkManifestLockResult.txt",
			);
			runOnlyForDeploymentPostprocessing = 0;
			shellPath = /bin/sh;
			shellScript = "diff \"${PODS_PODFILE_DIR_PATH}/Podfile.lock\" \"${PODS_ROOT}/Manifest.lock\" > /dev/null\nif [ $? != 0 ] ; then\n    # print error to STDERR\n    echo \"error: The sandbox is not in sync with the Podfile.lock. Run 'pod install' or update your CocoaPods installation.\" >&2\n    exit 1\nfi\n# This output is used by Xcode 'outputs' to avoid re-running this script phase.\necho \"SUCCESS\" > \"${SCRIPT_OUTPUT_FILE_0}\"\n";
			showEnvVarsInLog = 0;
		};
		8FAB54000CE47D374C07774A /* [CP] Embed Pods Frameworks */ = {
			isa = PBXShellScriptBuildPhase;
			buildActionMask = 2147483647;
			files = (
			);
			inputFileListPaths = (
			);
			inputPaths = (
				"${SRCROOT}/Pods/Target Support Files/Pods-NoteApp/Pods-NoteApp-frameworks.sh",
				"${BUILT_PRODUCTS_DIR}/Realm/Realm.framework",
				"${BUILT_PRODUCTS_DIR}/RealmSwift/RealmSwift.framework",
			);
			name = "[CP] Embed Pods Frameworks";
			outputFileListPaths = (
			);
			outputPaths = (
				"${TARGET_BUILD_DIR}/${FRAMEWORKS_FOLDER_PATH}/Realm.framework",
				"${TARGET_BUILD_DIR}/${FRAMEWORKS_FOLDER_PATH}/RealmSwift.framework",
			);
			runOnlyForDeploymentPostprocessing = 0;
			shellPath = /bin/sh;
			shellScript = "\"${SRCROOT}/Pods/Target Support Files/Pods-NoteApp/Pods-NoteApp-frameworks.sh\"\n";
			showEnvVarsInLog = 0;
		};
		B1BEEB767B49B3118A3E6427 /* [CP] Embed Pods Frameworks */ = {
			isa = PBXShellScriptBuildPhase;
			buildActionMask = 2147483647;
			files = (
			);
			inputFileListPaths = (
			);
			inputPaths = (
			);
			name = "[CP] Embed Pods Frameworks";
			outputFileListPaths = (
			);
			outputPaths = (
			);
			runOnlyForDeploymentPostprocessing = 0;
			shellPath = /bin/sh;
			shellScript = "\"${SRCROOT}/Pods/Target Support Files/Pods-NoteAppUITests/Pods-NoteAppUITests-frameworks.sh\"\n";
			showEnvVarsInLog = 0;
		};
		E12099ACE91D79F85846B33F /* [CP] Copy Pods Resources */ = {
			isa = PBXShellScriptBuildPhase;
			buildActionMask = 2147483647;
			files = (
			);
			inputFileListPaths = (
			);
			inputPaths = (
			);
			name = "[CP] Copy Pods Resources";
			outputFileListPaths = (
			);
			outputPaths = (
			);
			runOnlyForDeploymentPostprocessing = 0;
			shellPath = /bin/sh;
			shellScript = "\"${SRCROOT}/Pods/Target Support Files/Pods-NoteApp/Pods-NoteApp-resources.sh\"\n";
			showEnvVarsInLog = 0;
		};
		F5462F6D0E8C85C999AC0136 /* [CP] Copy Pods Resources */ = {
			isa = PBXShellScriptBuildPhase;
			buildActionMask = 2147483647;
			files = (
			);
			inputFileListPaths = (
			);
			inputPaths = (
			);
			name = "[CP] Copy Pods Resources";
			outputFileListPaths = (
			);
			outputPaths = (
			);
			runOnlyForDeploymentPostprocessing = 0;
			shellPath = /bin/sh;
			shellScript = "\"${SRCROOT}/Pods/Target Support Files/Pods-NoteAppUITests/Pods-NoteAppUITests-resources.sh\"\n";
			showEnvVarsInLog = 0;
		};
/* End PBXShellScriptBuildPhase section */

/* Begin PBXSourcesBuildPhase section */
		0855E6EA2509BFCF00C848B3 /* Sources */ = {
			isa = PBXSourcesBuildPhase;
			buildActionMask = 2147483647;
			files = (
				0855E6F62509BFCF00C848B3 /* ViewController.swift in Sources */,
				0855E6F22509BFCF00C848B3 /* AppDelegate.swift in Sources */,
				0855E6F42509BFCF00C848B3 /* SceneDelegate.swift in Sources */,
			);
			runOnlyForDeploymentPostprocessing = 0;
		};
		0855E7002509BFD100C848B3 /* Sources */ = {
			isa = PBXSourcesBuildPhase;
			buildActionMask = 2147483647;
			files = (
				0855E7092509BFD100C848B3 /* NoteAppTests.swift in Sources */,
			);
			runOnlyForDeploymentPostprocessing = 0;
		};
		0855E70B2509BFD200C848B3 /* Sources */ = {
			isa = PBXSourcesBuildPhase;
			buildActionMask = 2147483647;
			files = (
				0855E7142509BFD200C848B3 /* NoteAppUITests.swift in Sources */,
			);
			runOnlyForDeploymentPostprocessing = 0;
		};
/* End PBXSourcesBuildPhase section */

/* Begin PBXTargetDependency section */
		0855E7062509BFD100C848B3 /* PBXTargetDependency */ = {
			isa = PBXTargetDependency;
			target = 0855E6ED2509BFCF00C848B3 /* NoteApp */;
			targetProxy = 0855E7052509BFD100C848B3 /* PBXContainerItemProxy */;
		};
		0855E7112509BFD200C848B3 /* PBXTargetDependency */ = {
			isa = PBXTargetDependency;
			target = 0855E6ED2509BFCF00C848B3 /* NoteApp */;
			targetProxy = 0855E7102509BFD200C848B3 /* PBXContainerItemProxy */;
		};
/* End PBXTargetDependency section */

/* Begin PBXVariantGroup section */
		0855E6F72509BFCF00C848B3 /* Main.storyboard */ = {
			isa = PBXVariantGroup;
			children = (
				0855E6F82509BFCF00C848B3 /* Base */,
			);
			name = Main.storyboard;
			sourceTree = "<group>";
		};
		0855E6FC2509BFD100C848B3 /* LaunchScreen.storyboard */ = {
			isa = PBXVariantGroup;
			children = (
				0855E6FD2509BFD100C848B3 /* Base */,
			);
			name = LaunchScreen.storyboard;
			sourceTree = "<group>";
		};
/* End PBXVariantGroup section */

/* Begin XCBuildConfiguration section */
		0855E7162509BFD200C848B3 /* Debug */ = {
			isa = XCBuildConfiguration;
			buildSettings = {
				ALWAYS_SEARCH_USER_PATHS = NO;
				CLANG_ANALYZER_NONNULL = YES;
				CLANG_ANALYZER_NUMBER_OBJECT_CONVERSION = YES_AGGRESSIVE;
				CLANG_CXX_LANGUAGE_STANDARD = "gnu++14";
				CLANG_CXX_LIBRARY = "libc++";
				CLANG_ENABLE_MODULES = YES;
				CLANG_ENABLE_OBJC_ARC = YES;
				CLANG_ENABLE_OBJC_WEAK = YES;
				CLANG_WARN_BLOCK_CAPTURE_AUTORELEASING = YES;
				CLANG_WARN_BOOL_CONVERSION = YES;
				CLANG_WARN_COMMA = YES;
				CLANG_WARN_CONSTANT_CONVERSION = YES;
				CLANG_WARN_DEPRECATED_OBJC_IMPLEMENTATIONS = YES;
				CLANG_WARN_DIRECT_OBJC_ISA_USAGE = YES_ERROR;
				CLANG_WARN_DOCUMENTATION_COMMENTS = YES;
				CLANG_WARN_EMPTY_BODY = YES;
				CLANG_WARN_ENUM_CONVERSION = YES;
				CLANG_WARN_INFINITE_RECURSION = YES;
				CLANG_WARN_INT_CONVERSION = YES;
				CLANG_WARN_NON_LITERAL_NULL_CONVERSION = YES;
				CLANG_WARN_OBJC_IMPLICIT_RETAIN_SELF = YES;
				CLANG_WARN_OBJC_LITERAL_CONVERSION = YES;
				CLANG_WARN_OBJC_ROOT_CLASS = YES_ERROR;
				CLANG_WARN_RANGE_LOOP_ANALYSIS = YES;
				CLANG_WARN_STRICT_PROTOTYPES = YES;
				CLANG_WARN_SUSPICIOUS_MOVE = YES;
				CLANG_WARN_UNGUARDED_AVAILABILITY = YES_AGGRESSIVE;
				CLANG_WARN_UNREACHABLE_CODE = YES;
				CLANG_WARN__DUPLICATE_METHOD_MATCH = YES;
				COPY_PHASE_STRIP = NO;
				DEBUG_INFORMATION_FORMAT = dwarf;
				ENABLE_STRICT_OBJC_MSGSEND = YES;
				ENABLE_TESTABILITY = YES;
				GCC_C_LANGUAGE_STANDARD = gnu11;
				GCC_DYNAMIC_NO_PIC = NO;
				GCC_NO_COMMON_BLOCKS = YES;
				GCC_OPTIMIZATION_LEVEL = 0;
				GCC_PREPROCESSOR_DEFINITIONS = (
					"DEBUG=1",
					"$(inherited)",
				);
				GCC_WARN_64_TO_32_BIT_CONVERSION = YES;
				GCC_WARN_ABOUT_RETURN_TYPE = YES_ERROR;
				GCC_WARN_UNDECLARED_SELECTOR = YES;
				GCC_WARN_UNINITIALIZED_AUTOS = YES_AGGRESSIVE;
				GCC_WARN_UNUSED_FUNCTION = YES;
				GCC_WARN_UNUSED_VARIABLE = YES;
				IPHONEOS_DEPLOYMENT_TARGET = 13.2;
				MTL_ENABLE_DEBUG_INFO = INCLUDE_SOURCE;
				MTL_FAST_MATH = YES;
				ONLY_ACTIVE_ARCH = YES;
				SDKROOT = iphoneos;
				SWIFT_ACTIVE_COMPILATION_CONDITIONS = DEBUG;
				SWIFT_OPTIMIZATION_LEVEL = "-Onone";
			};
			name = Debug;
		};
		0855E7172509BFD200C848B3 /* Release */ = {
			isa = XCBuildConfiguration;
			buildSettings = {
				ALWAYS_SEARCH_USER_PATHS = NO;
				CLANG_ANALYZER_NONNULL = YES;
				CLANG_ANALYZER_NUMBER_OBJECT_CONVERSION = YES_AGGRESSIVE;
				CLANG_CXX_LANGUAGE_STANDARD = "gnu++14";
				CLANG_CXX_LIBRARY = "libc++";
				CLANG_ENABLE_MODULES = YES;
				CLANG_ENABLE_OBJC_ARC = YES;
				CLANG_ENABLE_OBJC_WEAK = YES;
				CLANG_WARN_BLOCK_CAPTURE_AUTORELEASING = YES;
				CLANG_WARN_BOOL_CONVERSION = YES;
				CLANG_WARN_COMMA = YES;
				CLANG_WARN_CONSTANT_CONVERSION = YES;
				CLANG_WARN_DEPRECATED_OBJC_IMPLEMENTATIONS = YES;
				CLANG_WARN_DIRECT_OBJC_ISA_USAGE = YES_ERROR;
				CLANG_WARN_DOCUMENTATION_COMMENTS = YES;
				CLANG_WARN_EMPTY_BODY = YES;
				CLANG_WARN_ENUM_CONVERSION = YES;
				CLANG_WARN_INFINITE_RECURSION = YES;
				CLANG_WARN_INT_CONVERSION = YES;
				CLANG_WARN_NON_LITERAL_NULL_CONVERSION = YES;
				CLANG_WARN_OBJC_IMPLICIT_RETAIN_SELF = YES;
				CLANG_WARN_OBJC_LITERAL_CONVERSION = YES;
				CLANG_WARN_OBJC_ROOT_CLASS = YES_ERROR;
				CLANG_WARN_RANGE_LOOP_ANALYSIS = YES;
				CLANG_WARN_STRICT_PROTOTYPES = YES;
				CLANG_WARN_SUSPICIOUS_MOVE = YES;
				CLANG_WARN_UNGUARDED_AVAILABILITY = YES_AGGRESSIVE;
				CLANG_WARN_UNREACHABLE_CODE = YES;
				CLANG_WARN__DUPLICATE_METHOD_MATCH = YES;
				COPY_PHASE_STRIP = NO;
				DEBUG_INFORMATION_FORMAT = "dwarf-with-dsym";
				ENABLE_NS_ASSERTIONS = NO;
				ENABLE_STRICT_OBJC_MSGSEND = YES;
				GCC_C_LANGUAGE_STANDARD = gnu11;
				GCC_NO_COMMON_BLOCKS = YES;
				GCC_WARN_64_TO_32_BIT_CONVERSION = YES;
				GCC_WARN_ABOUT_RETURN_TYPE = YES_ERROR;
				GCC_WARN_UNDECLARED_SELECTOR = YES;
				GCC_WARN_UNINITIALIZED_AUTOS = YES_AGGRESSIVE;
				GCC_WARN_UNUSED_FUNCTION = YES;
				GCC_WARN_UNUSED_VARIABLE = YES;
				IPHONEOS_DEPLOYMENT_TARGET = 13.2;
				MTL_ENABLE_DEBUG_INFO = NO;
				MTL_FAST_MATH = YES;
				SDKROOT = iphoneos;
				SWIFT_COMPILATION_MODE = wholemodule;
				SWIFT_OPTIMIZATION_LEVEL = "-O";
				VALIDATE_PRODUCT = YES;
			};
			name = Release;
		};
		0855E7192509BFD200C848B3 /* Debug */ = {
			isa = XCBuildConfiguration;
			baseConfigurationReference = 000984AE338D4BA27A0B1148 /* Pods-NoteApp.debug.xcconfig */;
			buildSettings = {
				ASSETCATALOG_COMPILER_APPICON_NAME = AppIcon;
				CODE_SIGN_STYLE = Automatic;
				INFOPLIST_FILE = NoteApp/Info.plist;
				LD_RUNPATH_SEARCH_PATHS = (
					"$(inherited)",
					"@executable_path/Frameworks",
				);
				PRODUCT_BUNDLE_IDENTIFIER = duyanh.NoteApp;
				PRODUCT_NAME = "$(TARGET_NAME)";
				SWIFT_VERSION = 5.0;
				TARGETED_DEVICE_FAMILY = "1,2";
			};
			name = Debug;
		};
		0855E71A2509BFD200C848B3 /* Release */ = {
			isa = XCBuildConfiguration;
			baseConfigurationReference = 9B180FBD4442580D599D2494 /* Pods-NoteApp.release.xcconfig */;
			buildSettings = {
				ASSETCATALOG_COMPILER_APPICON_NAME = AppIcon;
				CODE_SIGN_STYLE = Automatic;
				INFOPLIST_FILE = NoteApp/Info.plist;
				LD_RUNPATH_SEARCH_PATHS = (
					"$(inherited)",
					"@executable_path/Frameworks",
				);
				PRODUCT_BUNDLE_IDENTIFIER = duyanh.NoteApp;
				PRODUCT_NAME = "$(TARGET_NAME)";
				SWIFT_VERSION = 5.0;
				TARGETED_DEVICE_FAMILY = "1,2";
			};
			name = Release;
		};
		0855E71C2509BFD200C848B3 /* Debug */ = {
			isa = XCBuildConfiguration;
			baseConfigurationReference = 5376E2482FC8128E0562E8FE /* Pods-NoteAppTests.debug.xcconfig */;
			buildSettings = {
				ALWAYS_EMBED_SWIFT_STANDARD_LIBRARIES = YES;
				BUNDLE_LOADER = "$(TEST_HOST)";
				CODE_SIGN_STYLE = Automatic;
				INFOPLIST_FILE = NoteAppTests/Info.plist;
				IPHONEOS_DEPLOYMENT_TARGET = 13.2;
				LD_RUNPATH_SEARCH_PATHS = (
					"$(inherited)",
					"@executable_path/Frameworks",
					"@loader_path/Frameworks",
				);
				PRODUCT_BUNDLE_IDENTIFIER = duyanh.NoteAppTests;
				PRODUCT_NAME = "$(TARGET_NAME)";
				SWIFT_VERSION = 5.0;
				TARGETED_DEVICE_FAMILY = "1,2";
				TEST_HOST = "$(BUILT_PRODUCTS_DIR)/NoteApp.app/NoteApp";
			};
			name = Debug;
		};
		0855E71D2509BFD200C848B3 /* Release */ = {
			isa = XCBuildConfiguration;
			baseConfigurationReference = 41A98D210C9EE1568D5A9513 /* Pods-NoteAppTests.release.xcconfig */;
			buildSettings = {
				ALWAYS_EMBED_SWIFT_STANDARD_LIBRARIES = YES;
				BUNDLE_LOADER = "$(TEST_HOST)";
				CODE_SIGN_STYLE = Automatic;
				INFOPLIST_FILE = NoteAppTests/Info.plist;
				IPHONEOS_DEPLOYMENT_TARGET = 13.2;
				LD_RUNPATH_SEARCH_PATHS = (
					"$(inherited)",
					"@executable_path/Frameworks",
					"@loader_path/Frameworks",
				);
				PRODUCT_BUNDLE_IDENTIFIER = duyanh.NoteAppTests;
				PRODUCT_NAME = "$(TARGET_NAME)";
				SWIFT_VERSION = 5.0;
				TARGETED_DEVICE_FAMILY = "1,2";
				TEST_HOST = "$(BUILT_PRODUCTS_DIR)/NoteApp.app/NoteApp";
			};
			name = Release;
		};
		0855E71F2509BFD200C848B3 /* Debug */ = {
			isa = XCBuildConfiguration;
			baseConfigurationReference = 8C735DA875F774732EB939B5 /* Pods-NoteAppUITests.debug.xcconfig */;
			buildSettings = {
				ALWAYS_EMBED_SWIFT_STANDARD_LIBRARIES = YES;
				CODE_SIGN_STYLE = Automatic;
				INFOPLIST_FILE = NoteAppUITests/Info.plist;
				LD_RUNPATH_SEARCH_PATHS = (
					"$(inherited)",
					"@executable_path/Frameworks",
					"@loader_path/Frameworks",
				);
				PRODUCT_BUNDLE_IDENTIFIER = duyanh.NoteAppUITests;
				PRODUCT_NAME = "$(TARGET_NAME)";
				SWIFT_VERSION = 5.0;
				TARGETED_DEVICE_FAMILY = "1,2";
				TEST_TARGET_NAME = NoteApp;
			};
			name = Debug;
		};
		0855E7202509BFD200C848B3 /* Release */ = {
			isa = XCBuildConfiguration;
			baseConfigurationReference = 16DCD6B2BC991D17C822E9DD /* Pods-NoteAppUITests.release.xcconfig */;
			buildSettings = {
				ALWAYS_EMBED_SWIFT_STANDARD_LIBRARIES = YES;
				CODE_SIGN_STYLE = Automatic;
				INFOPLIST_FILE = NoteAppUITests/Info.plist;
				LD_RUNPATH_SEARCH_PATHS = (
					"$(inherited)",
					"@executable_path/Frameworks",
					"@loader_path/Frameworks",
				);
				PRODUCT_BUNDLE_IDENTIFIER = duyanh.NoteAppUITests;
				PRODUCT_NAME = "$(TARGET_NAME)";
				SWIFT_VERSION = 5.0;
				TARGETED_DEVICE_FAMILY = "1,2";
				TEST_TARGET_NAME = NoteApp;
			};
			name = Release;
		};
/* End XCBuildConfiguration section */

/* Begin XCConfigurationList section */
		0855E6E92509BFCF00C848B3 /* Build configuration list for PBXProject "NoteApp" */ = {
			isa = XCConfigurationList;
			buildConfigurations = (
				0855E7162509BFD200C848B3 /* Debug */,
				0855E7172509BFD200C848B3 /* Release */,
			);
			defaultConfigurationIsVisible = 0;
			defaultConfigurationName = Release;
		};
		0855E7182509BFD200C848B3 /* Build configuration list for PBXNativeTarget "NoteApp" */ = {
			isa = XCConfigurationList;
			buildConfigurations = (
				0855E7192509BFD200C848B3 /* Debug */,
				0855E71A2509BFD200C848B3 /* Release */,
			);
			defaultConfigurationIsVisible = 0;
			defaultConfigurationName = Release;
		};
		0855E71B2509BFD200C848B3 /* Build configuration list for PBXNativeTarget "NoteAppTests" */ = {
			isa = XCConfigurationList;
			buildConfigurations = (
				0855E71C2509BFD200C848B3 /* Debug */,
				0855E71D2509BFD200C848B3 /* Release */,
			);
			defaultConfigurationIsVisible = 0;
			defaultConfigurationName = Release;
		};
		0855E71E2509BFD200C848B3 /* Build configuration list for PBXNativeTarget "NoteAppUITests" */ = {
			isa = XCConfigurationList;
			buildConfigurations = (
				0855E71F2509BFD200C848B3 /* Debug */,
				0855E7202509BFD200C848B3 /* Release */,
			);
			defaultConfigurationIsVisible = 0;
			defaultConfigurationName = Release;
		};
/* End XCConfigurationList section */
	};
	rootObject = 0855E6E62509BFCF00C848B3 /* Project object */;
}
